
Microsoft Visual Studio Solution File, Format Version 12.00
# Visual Studio Version 16
VisualStudioVersion = 16.0.29728.190
MinimumVisualStudioVersion = 10.0.40219.1
Project("{FAE04EC0-301F-11D3-BF4B-00C04F79EFBC}") = "Polygon", "Polygon\Polygon.csproj", "{BB73210D-EEBE-4F19-ADE1-AAE48FD77528}"
EndProject
Project("{FAE04EC0-301F-11D3-BF4B-00C04F79EFBC}") = "Polygon.Tests", "Polygon.Tests\Polygon.Tests.csproj", "{444F338E-84C3-404D-A99A-39522170844F}"
EndProject
Global
	GlobalSection(SolutionConfigurationPlatforms) = preSolution
		Debug|Any CPU = Debug|Any CPU
		Release|Any CPU = Release|Any CPU
	EndGlobalSection
	GlobalSection(ProjectConfigurationPlatforms) = postSolution
		{BB73210D-EEBE-4F19-ADE1-AAE48FD77528}.Debug|Any CPU.ActiveCfg = Debug|Any CPU
		{BB73210D-EEBE-4F19-ADE1-AAE48FD77528}.Debug|Any CPU.Build.0 = Debug|Any CPU
		{BB73210D-EEBE-4F19-ADE1-AAE48FD77528}.Release|Any CPU.ActiveCfg = Release|Any CPU
		{BB73210D-EEBE-4F19-ADE1-AAE48FD77528}.Release|Any CPU.Build.0 = Release|Any CPU
		{444F338E-84C3-404D-A99A-39522170844F}.Debug|Any CPU.ActiveCfg = Debug|Any CPU
		{444F338E-84C3-404D-A99A-39522170844F}.Debug|Any CPU.Build.0 = Debug|Any CPU
		{444F338E-84C3-404D-A99A-39522170844F}.Release|Any CPU.ActiveCfg = Release|Any CPU
		{444F338E-84C3-404D-A99A-39522170844F}.Release|Any CPU.Build.0 = Release|Any CPU
	EndGlobalSection
	GlobalSection(SolutionProperties) = preSolution
		HideSolutionNode = FALSE
	EndGlobalSection
	GlobalSection(ExtensibilityGlobals) = postSolution
		SolutionGuid = {6ADE7A8A-BA74-4957-9146-F8B6021553EA}
	EndGlobalSection
EndGlobal
